
Microsoft Visual Studio Solution File, Format Version 12.00
# Visual Studio 2012
Project("{F2A71F9B-5D33-465A-A702-920D77279786}") = "SqlEnumProvider.Tests", "tests\SqlEnumProvider.Tests.fsproj", "{2AA8E587-0B71-466F-93A6-77247B1D1DFD}"
EndProject
Project("{2150E333-8FDC-42A3-9474-1A3956D46DE8}") = "Solution Items", "Solution Items", "{666B6923-C188-4D9E-A666-43ED114B4C2A}"
	ProjectSection(SolutionItems) = preProject
		tests\Tests.fsx = tests\Tests.fsx
	EndProjectSection
EndProject
Global
	GlobalSection(SolutionConfigurationPlatforms) = preSolution
		Debug|Any CPU = Debug|Any CPU
		Release|Any CPU = Release|Any CPU
	EndGlobalSection
	GlobalSection(ProjectConfigurationPlatforms) = postSolution
		{2AA8E587-0B71-466F-93A6-77247B1D1DFD}.Debug|Any CPU.ActiveCfg = Debug|Any CPU
		{2AA8E587-0B71-466F-93A6-77247B1D1DFD}.Debug|Any CPU.Build.0 = Debug|Any CPU
		{2AA8E587-0B71-466F-93A6-77247B1D1DFD}.Release|Any CPU.ActiveCfg = Release|Any CPU
		{2AA8E587-0B71-466F-93A6-77247B1D1DFD}.Release|Any CPU.Build.0 = Release|Any CPU
	EndGlobalSection
	GlobalSection(SolutionProperties) = preSolution
		HideSolutionNode = FALSE
	EndGlobalSection
EndGlobal
